{
  "name": "Demonlist",
  "lockfileVersion": 2,
  "requires": true,
  "packages": {
    "": {
      "dependencies": {
        "emulatejs-vdom": "^1.10.26"
      }
    },
    "node_modules/emulatejs-vdom": {
      "version": "1.10.26",
      "resolved": "https://registry.npmjs.org/emulatejs-vdom/-/emulatejs-vdom-1.10.26.tgz",
      "integrity": "sha512-+MEtfBtBxDjPxGKZTA61Vh4yq2sfi85GL0itPLIaEk/XBvqb4qHjgnMEfTwT7M0UBM9r1KV1OE/hH0cS6vcy7A=="
    }
  },
  "dependencies": {
    "emulatejs-vdom": {
      "version": "1.10.26",
      "resolved": "https://registry.npmjs.org/emulatejs-vdom/-/emulatejs-vdom-1.10.26.tgz",
      "integrity": "sha512-+MEtfBtBxDjPxGKZTA61Vh4yq2sfi85GL0itPLIaEk/XBvqb4qHjgnMEfTwT7M0UBM9r1KV1OE/hH0cS6vcy7A=="
    }
  }
}
